
Microsoft Visual Studio Solution File, Format Version 12.00
# Visual Studio 15
VisualStudioVersion = 15.0.28307.168
MinimumVisualStudioVersion = 10.0.40219.1
Project("{8BC9CEB8-8B4A-11D0-8D11-00A0C91BC942}") = "hashTable", "hashTable\hashTable.vcxproj", "{058BE1B7-00F3-4567-9815-2BE1A373CBA8}"
EndProject
Global
	GlobalSection(SolutionConfigurationPlatforms) = preSolution
		Debug|x64 = Debug|x64
		Debug|x86 = Debug|x86
		Release|x64 = Release|x64
		Release|x86 = Release|x86
	EndGlobalSection
	GlobalSection(ProjectConfigurationPlatforms) = postSolution
		{058BE1B7-00F3-4567-9815-2BE1A373CBA8}.Debug|x64.ActiveCfg = Debug|x64
		{058BE1B7-00F3-4567-9815-2BE1A373CBA8}.Debug|x64.Build.0 = Debug|x64
		{058BE1B7-00F3-4567-9815-2BE1A373CBA8}.Debug|x86.ActiveCfg = Debug|Win32
		{058BE1B7-00F3-4567-9815-2BE1A373CBA8}.Debug|x86.Build.0 = Debug|Win32
		{058BE1B7-00F3-4567-9815-2BE1A373CBA8}.Release|x64.ActiveCfg = Release|x64
		{058BE1B7-00F3-4567-9815-2BE1A373CBA8}.Release|x64.Build.0 = Release|x64
		{058BE1B7-00F3-4567-9815-2BE1A373CBA8}.Release|x86.ActiveCfg = Release|Win32
		{058BE1B7-00F3-4567-9815-2BE1A373CBA8}.Release|x86.Build.0 = Release|Win32
	EndGlobalSection
	GlobalSection(SolutionProperties) = preSolution
		HideSolutionNode = FALSE
	EndGlobalSection
	GlobalSection(ExtensibilityGlobals) = postSolution
		SolutionGuid = {C6A47CA9-74BF-470A-9E86-F10BE632BC08}
	EndGlobalSection
EndGlobal
